
Microsoft Visual Studio Solution File, Format Version 12.00
# Visual Studio Version 17
VisualStudioVersion = 17.0.32014.148
MinimumVisualStudioVersion = 10.0.40219.1
Project("{2150E333-8FDC-42A3-9474-1A3956D46DE8}") = "MultiplicationTable", "MultiplicationTable", "{34A1D981-5989-4003-B104-ED71B61DFE4B}"
EndProject
Project("{9A19103F-16F7-4668-BE54-9A1E7A4F7556}") = "MultiplicationTableApp", "MultiplicationTableApp\MultiplicationTableApp.csproj", "{15477E2B-6B2F-4147-B3A1-3D34E6B4C880}"
EndProject
Project("{2150E333-8FDC-42A3-9474-1A3956D46DE8}") = "GameMap", "GameMap", "{55D41807-3D12-4E3E-BE39-116089084F9C}"
EndProject
Project("{9A19103F-16F7-4668-BE54-9A1E7A4F7556}") = "GameMap", "GameMap\GameMap.csproj", "{4ABF0124-F157-4E79-894D-130F51AF9D6A}"
EndProject
Project("{2150E333-8FDC-42A3-9474-1A3956D46DE8}") = "SelectionSort", "SelectionSort", "{014131E2-BFB1-4DA7-AEDB-F90F551E3AEE}"
EndProject
Project("{9A19103F-16F7-4668-BE54-9A1E7A4F7556}") = "SelectionSortApp", "SelectionSortApp\SelectionSortApp.csproj", "{761D80EB-662B-4736-B920-0AE3CD96988E}"
EndProject
Project("{2150E333-8FDC-42A3-9474-1A3956D46DE8}") = "InsertionSort", "InsertionSort", "{3CCDBAF2-5E85-4AD0-B4EE-48E29682ED35}"
EndProject
Project("{9A19103F-16F7-4668-BE54-9A1E7A4F7556}") = "InsertionSortApp", "InsertionSortApp\InsertionSortApp.csproj", "{EA2FB71F-C548-4EF3-A020-A3D8B662F808}"
EndProject
Project("{2150E333-8FDC-42A3-9474-1A3956D46DE8}") = "Multi-DimensionalArray", "Multi-DimensionalArray", "{F11E0F54-CE1A-47AA-A870-796D553B1375}"
EndProject
Project("{2150E333-8FDC-42A3-9474-1A3956D46DE8}") = "SortTypes", "SortTypes", "{937833B2-62C0-49F3-9739-EC2AF6DC3CF7}"
EndProject
Project("{2150E333-8FDC-42A3-9474-1A3956D46DE8}") = "BubbleSort", "BubbleSort", "{B592DC92-ACBB-4C79-BDC9-F2F329FD9D30}"
EndProject
Project("{9A19103F-16F7-4668-BE54-9A1E7A4F7556}") = "BubbleSortApp", "BubbleSortApp\BubbleSortApp.csproj", "{196D9249-67E0-457A-857C-AD69A1704F96}"
EndProject
Project("{2150E333-8FDC-42A3-9474-1A3956D46DE8}") = "QuickSort", "QuickSort", "{1001CD33-7F76-4A6C-A7B3-66E86798620C}"
EndProject
Project("{9A19103F-16F7-4668-BE54-9A1E7A4F7556}") = "QuickSort", "QuickSort\QuickSort.csproj", "{B21E1CAC-680C-4593-852A-ED1344B82F06}"
EndProject
Project("{2150E333-8FDC-42A3-9474-1A3956D46DE8}") = "CompareToIteration", "CompareToIteration", "{850125FB-C3D1-4A23-BB61-75347670EE87}"
EndProject
Project("{9A19103F-16F7-4668-BE54-9A1E7A4F7556}") = "CompareToApp", "CompareToApp\CompareToApp.csproj", "{02DD8AD3-8FC5-415C-8A7B-A935D52F7927}"
EndProject
Project("{2150E333-8FDC-42A3-9474-1A3956D46DE8}") = "Lists", "Lists", "{27098EB7-8F78-48DD-9D79-A722B1D4838C}"
EndProject
Project("{2150E333-8FDC-42A3-9474-1A3956D46DE8}") = "ArrayList", "ArrayList", "{379816C8-8052-4780-8509-65545D165655}"
EndProject
Project("{9A19103F-16F7-4668-BE54-9A1E7A4F7556}") = "ArrayListApp", "ArrayListApp\ArrayListApp.csproj", "{868AC39B-A19B-4C2B-96BB-65E260196A3B}"
EndProject
Project("{2150E333-8FDC-42A3-9474-1A3956D46DE8}") = "GenericList", "GenericList", "{F97FCEDD-6AAA-413F-9F73-86109A89BF21}"
EndProject
Project("{9A19103F-16F7-4668-BE54-9A1E7A4F7556}") = "GenericListApp", "GenericListApp\GenericListApp.csproj", "{EEE45F68-4C01-451C-B199-2626F54F8092}"
EndProject
Project("{2150E333-8FDC-42A3-9474-1A3956D46DE8}") = "SortedLists", "SortedLists", "{7114EBBE-FE81-4242-93AA-E50870E88917}"
EndProject
Project("{9A19103F-16F7-4668-BE54-9A1E7A4F7556}") = "SortedListApp", "SortedListApp\SortedListApp.csproj", "{EB345B92-4C54-4F62-9556-E6F6817300BB}"
EndProject
Project("{2150E333-8FDC-42A3-9474-1A3956D46DE8}") = "Exercises", "Exercises", "{999A80C6-92D4-4E75-8B82-CF59AB1538C7}"
EndProject
Project("{2150E333-8FDC-42A3-9474-1A3956D46DE8}") = "TournamentWinner", "TournamentWinner", "{E550EB77-556B-4D54-A0E8-6529503B1A7E}"
EndProject
Project("{9A19103F-16F7-4668-BE54-9A1E7A4F7556}") = "TournamentWinnerApp", "TournamentWinnerApp\TournamentWinnerApp.csproj", "{85930E39-EAE2-4427-BE00-C6EC1EE26D83}"
EndProject
Project("{2150E333-8FDC-42A3-9474-1A3956D46DE8}") = "RemoveLinkedListElements", "RemoveLinkedListElements", "{AFF77DD9-CF40-4048-B531-E872F420B535}"
EndProject
Project("{9A19103F-16F7-4668-BE54-9A1E7A4F7556}") = "RemoveLinkedListElementsApp", "RemoveLinkedListElementsApp\RemoveLinkedListElementsApp.csproj", "{19C5DFBE-9990-47BB-9A77-57115ADB1D4C}"
EndProject
Project("{2150E333-8FDC-42A3-9474-1A3956D46DE8}") = "IteratorOfIterators", "IteratorOfIterators", "{D8F3C5B0-52D6-4777-84AF-82174F09B6D0}"
EndProject
Project("{9A19103F-16F7-4668-BE54-9A1E7A4F7556}") = "InteratorApp", "InteratorApp\InteratorApp.csproj", "{1EF4096C-D3CA-4556-9E32-E2800FAE0D37}"
EndProject
Project("{2150E333-8FDC-42A3-9474-1A3956D46DE8}") = "SubSequenceOfAWord", "SubSequenceOfAWord", "{F83CBF27-B88E-4E99-8904-749F5C30D7FA}"
EndProject
Project("{9A19103F-16F7-4668-BE54-9A1E7A4F7556}") = "SubSequenceApp", "SubSequenceApp\SubSequenceApp.csproj", "{3FCA08CA-B912-4F53-9BC2-004BCDAB4C74}"
EndProject
Project("{2150E333-8FDC-42A3-9474-1A3956D46DE8}") = "DistributeCandies", "DistributeCandies", "{1F10794C-0D31-4454-A71F-BCE8ACEB48C7}"
EndProject
Project("{9A19103F-16F7-4668-BE54-9A1E7A4F7556}") = "DistributeCandies", "DistributeCandies\DistributeCandies.csproj", "{BA9EE8A4-971B-4A12-AD0C-5992FED15DBB}"
EndProject
Project("{2150E333-8FDC-42A3-9474-1A3956D46DE8}") = "DoublyLinkedList", "DoublyLinkedList", "{62296902-76CC-480B-95FF-A78A1E5BF56B}"
EndProject
Project("{9A19103F-16F7-4668-BE54-9A1E7A4F7556}") = "DoublyLinkedListApp", "DoublyLinkedListApp\DoublyLinkedListApp.csproj", "{F462D220-DB6B-4576-B817-A84EA7AB3D91}"
EndProject
Project("{2150E333-8FDC-42A3-9474-1A3956D46DE8}") = "ValidateSubsequence", "ValidateSubsequence", "{D8EDAE66-6B3B-4867-9DC5-B5DAB4557CAD}"
EndProject
Project("{9A19103F-16F7-4668-BE54-9A1E7A4F7556}") = "ValidateSubSequenceApp", "ValidateSubSequenceApp\ValidateSubSequenceApp.csproj", "{4D4C57C1-7B7B-4613-8B5F-D76D901B8691}"
EndProject
Project("{2150E333-8FDC-42A3-9474-1A3956D46DE8}") = "TwoSum", "TwoSum", "{771A7A09-AAB7-4118-9ADF-53E83D180754}"
EndProject
Project("{9A19103F-16F7-4668-BE54-9A1E7A4F7556}") = "TwoSum", "TwoSum\TwoSum.csproj", "{22816198-A250-45B9-B2A3-9E1F4EBA3833}"
EndProject
Project("{2150E333-8FDC-42A3-9474-1A3956D46DE8}") = "PalindromeNumber", "PalindromeNumber", "{B173AB29-C13F-46DC-BE2E-DCAEB706D0E2}"
EndProject
Project("{9A19103F-16F7-4668-BE54-9A1E7A4F7556}") = "PalindromeNumber", "PalindromeNumber\PalindromeNumber.csproj", "{C8C251C5-49A4-4C99-9273-FA81E92DC1F7}"
EndProject
Project("{2150E333-8FDC-42A3-9474-1A3956D46DE8}") = "ConcatenationOfArray", "ConcatenationOfArray", "{938D40A5-2326-4FDA-A560-39112F093246}"
EndProject
Project("{9A19103F-16F7-4668-BE54-9A1E7A4F7556}") = "ConcatenationOfArrayApp", "ConcatenationOfArrayApp\ConcatenationOfArrayApp.csproj", "{0110A282-30FE-4B63-8183-2C1EA9800892}"
EndProject
Project("{2150E333-8FDC-42A3-9474-1A3956D46DE8}") = "LoggerRateLimiter", "LoggerRateLimiter", "{2FA61A9E-0DEC-4161-BD97-EB18135B5DFF}"
EndProject
Project("{9A19103F-16F7-4668-BE54-9A1E7A4F7556}") = "LoggerRateLimiterApp", "LoggerRateLimiterApp\LoggerRateLimiterApp.csproj", "{974C361F-2F20-443E-8A72-FBDB4A905954}"
EndProject
Project("{2150E333-8FDC-42A3-9474-1A3956D46DE8}") = "SumOfDigits", "SumOfDigits", "{EC1F1A8C-2B41-479E-88B6-A648521900F5}"
EndProject
Project("{9A19103F-16F7-4668-BE54-9A1E7A4F7556}") = "SumOfDigits", "SumOfDigits\SumOfDigits.csproj", "{31FB0A77-BA55-44DB-A789-575134DCD12A}"
EndProject
Project("{2150E333-8FDC-42A3-9474-1A3956D46DE8}") = "SmallestInteger", "SmallestInteger", "{9DE7E51B-CBD2-4E39-A6D9-C238DD9DB54B}"
EndProject
Project("{9A19103F-16F7-4668-BE54-9A1E7A4F7556}") = "SmallestInteger", "SmallestInteger\SmallestInteger.csproj", "{C9054653-0663-4EA9-BEEA-7BA36C0588DF}"
EndProject
Project("{2150E333-8FDC-42A3-9474-1A3956D46DE8}") = "BalloonGame", "BalloonGame", "{3A768B33-23AC-41E4-A4D1-07D1F6D4450E}"
EndProject
Project("{9A19103F-16F7-4668-BE54-9A1E7A4F7556}") = "BalloonGame", "BalloonGame\BalloonGame.csproj", "{262742BF-845B-40D1-BD91-C98D5092246C}"
EndProject
Project("{2150E333-8FDC-42A3-9474-1A3956D46DE8}") = "MinimalSubstring", "MinimalSubstring", "{E82F8B8B-99EF-4C08-862E-7253FCB291E3}"
EndProject
Project("{9A19103F-16F7-4668-BE54-9A1E7A4F7556}") = "MinimalSubstring", "MinimalSubstring\MinimalSubstring.csproj", "{48526EFF-9749-42B0-8231-8D9042A86EC2}"
EndProject
Project("{2150E333-8FDC-42A3-9474-1A3956D46DE8}") = "Pothole", "Pothole", "{F2623590-E126-4026-BB06-6D3B0564EEF1}"
EndProject
Project("{9A19103F-16F7-4668-BE54-9A1E7A4F7556}") = "Pothole", "Pothole\Pothole.csproj", "{A4771C88-E082-4A96-AE19-7B912D039787}"
EndProject
Project("{2150E333-8FDC-42A3-9474-1A3956D46DE8}") = "PrintNForWord", "PrintNForWord", "{5D320FAE-C710-47DF-81C8-016817370C72}"
EndProject
Project("{FAE04EC0-301F-11D3-BF4B-00C04F79EFBC}") = "PrintWordForN", "PrintWordForN\PrintWordForN.csproj", "{5990913B-DB83-44AF-BBF4-68A7C5C800E1}"
EndProject
Project("{2150E333-8FDC-42A3-9474-1A3956D46DE8}") = "EcommerceOO", "EcommerceOO", "{7122CB2A-ABD1-48D1-9E97-DB9E9D2A191D}"
EndProject
Project("{FAE04EC0-301F-11D3-BF4B-00C04F79EFBC}") = "EcommerceOrder", "EcommerceOrder\EcommerceOrder.csproj", "{B7D71F06-5287-4515-B14D-74B77B627F01}"
EndProject
Project("{FAE04EC0-301F-11D3-BF4B-00C04F79EFBC}") = "EcomerceOOtests", "EcomerceOOtests\EcomerceOOtests.csproj", "{06039536-150C-4113-8F47-9F05D497EFE5}"
EndProject
Global
	GlobalSection(SolutionConfigurationPlatforms) = preSolution
		Debug|Any CPU = Debug|Any CPU
		Release|Any CPU = Release|Any CPU
	EndGlobalSection
	GlobalSection(ProjectConfigurationPlatforms) = postSolution
		{15477E2B-6B2F-4147-B3A1-3D34E6B4C880}.Debug|Any CPU.ActiveCfg = Debug|Any CPU
		{15477E2B-6B2F-4147-B3A1-3D34E6B4C880}.Debug|Any CPU.Build.0 = Debug|Any CPU
		{15477E2B-6B2F-4147-B3A1-3D34E6B4C880}.Release|Any CPU.ActiveCfg = Release|Any CPU
		{15477E2B-6B2F-4147-B3A1-3D34E6B4C880}.Release|Any CPU.Build.0 = Release|Any CPU
		{4ABF0124-F157-4E79-894D-130F51AF9D6A}.Debug|Any CPU.ActiveCfg = Debug|Any CPU
		{4ABF0124-F157-4E79-894D-130F51AF9D6A}.Debug|Any CPU.Build.0 = Debug|Any CPU
		{4ABF0124-F157-4E79-894D-130F51AF9D6A}.Release|Any CPU.ActiveCfg = Release|Any CPU
		{4ABF0124-F157-4E79-894D-130F51AF9D6A}.Release|Any CPU.Build.0 = Release|Any CPU
		{761D80EB-662B-4736-B920-0AE3CD96988E}.Debug|Any CPU.ActiveCfg = Debug|Any CPU
		{761D80EB-662B-4736-B920-0AE3CD96988E}.Debug|Any CPU.Build.0 = Debug|Any CPU
		{761D80EB-662B-4736-B920-0AE3CD96988E}.Release|Any CPU.ActiveCfg = Release|Any CPU
		{761D80EB-662B-4736-B920-0AE3CD96988E}.Release|Any CPU.Build.0 = Release|Any CPU
		{EA2FB71F-C548-4EF3-A020-A3D8B662F808}.Debug|Any CPU.ActiveCfg = Debug|Any CPU
		{EA2FB71F-C548-4EF3-A020-A3D8B662F808}.Debug|Any CPU.Build.0 = Debug|Any CPU
		{EA2FB71F-C548-4EF3-A020-A3D8B662F808}.Release|Any CPU.ActiveCfg = Release|Any CPU
		{EA2FB71F-C548-4EF3-A020-A3D8B662F808}.Release|Any CPU.Build.0 = Release|Any CPU
		{196D9249-67E0-457A-857C-AD69A1704F96}.Debug|Any CPU.ActiveCfg = Debug|Any CPU
		{196D9249-67E0-457A-857C-AD69A1704F96}.Debug|Any CPU.Build.0 = Debug|Any CPU
		{196D9249-67E0-457A-857C-AD69A1704F96}.Release|Any CPU.ActiveCfg = Release|Any CPU
		{196D9249-67E0-457A-857C-AD69A1704F96}.Release|Any CPU.Build.0 = Release|Any CPU
		{B21E1CAC-680C-4593-852A-ED1344B82F06}.Debug|Any CPU.ActiveCfg = Debug|Any CPU
		{B21E1CAC-680C-4593-852A-ED1344B82F06}.Debug|Any CPU.Build.0 = Debug|Any CPU
		{B21E1CAC-680C-4593-852A-ED1344B82F06}.Release|Any CPU.ActiveCfg = Release|Any CPU
		{B21E1CAC-680C-4593-852A-ED1344B82F06}.Release|Any CPU.Build.0 = Release|Any CPU
		{02DD8AD3-8FC5-415C-8A7B-A935D52F7927}.Debug|Any CPU.ActiveCfg = Debug|Any CPU
		{02DD8AD3-8FC5-415C-8A7B-A935D52F7927}.Debug|Any CPU.Build.0 = Debug|Any CPU
		{02DD8AD3-8FC5-415C-8A7B-A935D52F7927}.Release|Any CPU.ActiveCfg = Release|Any CPU
		{02DD8AD3-8FC5-415C-8A7B-A935D52F7927}.Release|Any CPU.Build.0 = Release|Any CPU
		{868AC39B-A19B-4C2B-96BB-65E260196A3B}.Debug|Any CPU.ActiveCfg = Debug|Any CPU
		{868AC39B-A19B-4C2B-96BB-65E260196A3B}.Debug|Any CPU.Build.0 = Debug|Any CPU
		{868AC39B-A19B-4C2B-96BB-65E260196A3B}.Release|Any CPU.ActiveCfg = Release|Any CPU
		{868AC39B-A19B-4C2B-96BB-65E260196A3B}.Release|Any CPU.Build.0 = Release|Any CPU
		{EEE45F68-4C01-451C-B199-2626F54F8092}.Debug|Any CPU.ActiveCfg = Debug|Any CPU
		{EEE45F68-4C01-451C-B199-2626F54F8092}.Debug|Any CPU.Build.0 = Debug|Any CPU
		{EEE45F68-4C01-451C-B199-2626F54F8092}.Release|Any CPU.ActiveCfg = Release|Any CPU
		{EEE45F68-4C01-451C-B199-2626F54F8092}.Release|Any CPU.Build.0 = Release|Any CPU
		{EB345B92-4C54-4F62-9556-E6F6817300BB}.Debug|Any CPU.ActiveCfg = Debug|Any CPU
		{EB345B92-4C54-4F62-9556-E6F6817300BB}.Debug|Any CPU.Build.0 = Debug|Any CPU
		{EB345B92-4C54-4F62-9556-E6F6817300BB}.Release|Any CPU.ActiveCfg = Release|Any CPU
		{EB345B92-4C54-4F62-9556-E6F6817300BB}.Release|Any CPU.Build.0 = Release|Any CPU
		{85930E39-EAE2-4427-BE00-C6EC1EE26D83}.Debug|Any CPU.ActiveCfg = Debug|Any CPU
		{85930E39-EAE2-4427-BE00-C6EC1EE26D83}.Debug|Any CPU.Build.0 = Debug|Any CPU
		{85930E39-EAE2-4427-BE00-C6EC1EE26D83}.Release|Any CPU.ActiveCfg = Release|Any CPU
		{85930E39-EAE2-4427-BE00-C6EC1EE26D83}.Release|Any CPU.Build.0 = Release|Any CPU
		{19C5DFBE-9990-47BB-9A77-57115ADB1D4C}.Debug|Any CPU.ActiveCfg = Debug|Any CPU
		{19C5DFBE-9990-47BB-9A77-57115ADB1D4C}.Debug|Any CPU.Build.0 = Debug|Any CPU
		{19C5DFBE-9990-47BB-9A77-57115ADB1D4C}.Release|Any CPU.ActiveCfg = Release|Any CPU
		{19C5DFBE-9990-47BB-9A77-57115ADB1D4C}.Release|Any CPU.Build.0 = Release|Any CPU
		{1EF4096C-D3CA-4556-9E32-E2800FAE0D37}.Debug|Any CPU.ActiveCfg = Debug|Any CPU
		{1EF4096C-D3CA-4556-9E32-E2800FAE0D37}.Debug|Any CPU.Build.0 = Debug|Any CPU
		{1EF4096C-D3CA-4556-9E32-E2800FAE0D37}.Release|Any CPU.ActiveCfg = Release|Any CPU
		{1EF4096C-D3CA-4556-9E32-E2800FAE0D37}.Release|Any CPU.Build.0 = Release|Any CPU
		{3FCA08CA-B912-4F53-9BC2-004BCDAB4C74}.Debug|Any CPU.ActiveCfg = Debug|Any CPU
		{3FCA08CA-B912-4F53-9BC2-004BCDAB4C74}.Debug|Any CPU.Build.0 = Debug|Any CPU
		{3FCA08CA-B912-4F53-9BC2-004BCDAB4C74}.Release|Any CPU.ActiveCfg = Release|Any CPU
		{3FCA08CA-B912-4F53-9BC2-004BCDAB4C74}.Release|Any CPU.Build.0 = Release|Any CPU
		{BA9EE8A4-971B-4A12-AD0C-5992FED15DBB}.Debug|Any CPU.ActiveCfg = Debug|Any CPU
		{BA9EE8A4-971B-4A12-AD0C-5992FED15DBB}.Debug|Any CPU.Build.0 = Debug|Any CPU
		{BA9EE8A4-971B-4A12-AD0C-5992FED15DBB}.Release|Any CPU.ActiveCfg = Release|Any CPU
		{BA9EE8A4-971B-4A12-AD0C-5992FED15DBB}.Release|Any CPU.Build.0 = Release|Any CPU
		{F462D220-DB6B-4576-B817-A84EA7AB3D91}.Debug|Any CPU.ActiveCfg = Debug|Any CPU
		{F462D220-DB6B-4576-B817-A84EA7AB3D91}.Debug|Any CPU.Build.0 = Debug|Any CPU
		{F462D220-DB6B-4576-B817-A84EA7AB3D91}.Release|Any CPU.ActiveCfg = Release|Any CPU
		{F462D220-DB6B-4576-B817-A84EA7AB3D91}.Release|Any CPU.Build.0 = Release|Any CPU
		{4D4C57C1-7B7B-4613-8B5F-D76D901B8691}.Debug|Any CPU.ActiveCfg = Debug|Any CPU
		{4D4C57C1-7B7B-4613-8B5F-D76D901B8691}.Debug|Any CPU.Build.0 = Debug|Any CPU
		{4D4C57C1-7B7B-4613-8B5F-D76D901B8691}.Release|Any CPU.ActiveCfg = Release|Any CPU
		{4D4C57C1-7B7B-4613-8B5F-D76D901B8691}.Release|Any CPU.Build.0 = Release|Any CPU
		{22816198-A250-45B9-B2A3-9E1F4EBA3833}.Debug|Any CPU.ActiveCfg = Debug|Any CPU
		{22816198-A250-45B9-B2A3-9E1F4EBA3833}.Debug|Any CPU.Build.0 = Debug|Any CPU
		{22816198-A250-45B9-B2A3-9E1F4EBA3833}.Release|Any CPU.ActiveCfg = Release|Any CPU
		{22816198-A250-45B9-B2A3-9E1F4EBA3833}.Release|Any CPU.Build.0 = Release|Any CPU
		{C8C251C5-49A4-4C99-9273-FA81E92DC1F7}.Debug|Any CPU.ActiveCfg = Debug|Any CPU
		{C8C251C5-49A4-4C99-9273-FA81E92DC1F7}.Debug|Any CPU.Build.0 = Debug|Any CPU
		{C8C251C5-49A4-4C99-9273-FA81E92DC1F7}.Release|Any CPU.ActiveCfg = Release|Any CPU
		{C8C251C5-49A4-4C99-9273-FA81E92DC1F7}.Release|Any CPU.Build.0 = Release|Any CPU
		{0110A282-30FE-4B63-8183-2C1EA9800892}.Debug|Any CPU.ActiveCfg = Debug|Any CPU
		{0110A282-30FE-4B63-8183-2C1EA9800892}.Debug|Any CPU.Build.0 = Debug|Any CPU
		{0110A282-30FE-4B63-8183-2C1EA9800892}.Release|Any CPU.ActiveCfg = Release|Any CPU
		{0110A282-30FE-4B63-8183-2C1EA9800892}.Release|Any CPU.Build.0 = Release|Any CPU
		{974C361F-2F20-443E-8A72-FBDB4A905954}.Debug|Any CPU.ActiveCfg = Debug|Any CPU
		{974C361F-2F20-443E-8A72-FBDB4A905954}.Debug|Any CPU.Build.0 = Debug|Any CPU
		{974C361F-2F20-443E-8A72-FBDB4A905954}.Release|Any CPU.ActiveCfg = Release|Any CPU
		{974C361F-2F20-443E-8A72-FBDB4A905954}.Release|Any CPU.Build.0 = Release|Any CPU
		{31FB0A77-BA55-44DB-A789-575134DCD12A}.Debug|Any CPU.ActiveCfg = Debug|Any CPU
		{31FB0A77-BA55-44DB-A789-575134DCD12A}.Debug|Any CPU.Build.0 = Debug|Any CPU
		{31FB0A77-BA55-44DB-A789-575134DCD12A}.Release|Any CPU.ActiveCfg = Release|Any CPU
		{31FB0A77-BA55-44DB-A789-575134DCD12A}.Release|Any CPU.Build.0 = Release|Any CPU
		{C9054653-0663-4EA9-BEEA-7BA36C0588DF}.Debug|Any CPU.ActiveCfg = Debug|Any CPU
		{C9054653-0663-4EA9-BEEA-7BA36C0588DF}.Debug|Any CPU.Build.0 = Debug|Any CPU
		{C9054653-0663-4EA9-BEEA-7BA36C0588DF}.Release|Any CPU.ActiveCfg = Release|Any CPU
		{C9054653-0663-4EA9-BEEA-7BA36C0588DF}.Release|Any CPU.Build.0 = Release|Any CPU
		{262742BF-845B-40D1-BD91-C98D5092246C}.Debug|Any CPU.ActiveCfg = Debug|Any CPU
		{262742BF-845B-40D1-BD91-C98D5092246C}.Debug|Any CPU.Build.0 = Debug|Any CPU
		{262742BF-845B-40D1-BD91-C98D5092246C}.Release|Any CPU.ActiveCfg = Release|Any CPU
		{262742BF-845B-40D1-BD91-C98D5092246C}.Release|Any CPU.Build.0 = Release|Any CPU
		{48526EFF-9749-42B0-8231-8D9042A86EC2}.Debug|Any CPU.ActiveCfg = Debug|Any CPU
		{48526EFF-9749-42B0-8231-8D9042A86EC2}.Debug|Any CPU.Build.0 = Debug|Any CPU
		{48526EFF-9749-42B0-8231-8D9042A86EC2}.Release|Any CPU.ActiveCfg = Release|Any CPU
		{48526EFF-9749-42B0-8231-8D9042A86EC2}.Release|Any CPU.Build.0 = Release|Any CPU
		{A4771C88-E082-4A96-AE19-7B912D039787}.Debug|Any CPU.ActiveCfg = Debug|Any CPU
		{A4771C88-E082-4A96-AE19-7B912D039787}.Debug|Any CPU.Build.0 = Debug|Any CPU
		{A4771C88-E082-4A96-AE19-7B912D039787}.Release|Any CPU.ActiveCfg = Release|Any CPU
		{A4771C88-E082-4A96-AE19-7B912D039787}.Release|Any CPU.Build.0 = Release|Any CPU
		{5990913B-DB83-44AF-BBF4-68A7C5C800E1}.Debug|Any CPU.ActiveCfg = Debug|Any CPU
		{5990913B-DB83-44AF-BBF4-68A7C5C800E1}.Debug|Any CPU.Build.0 = Debug|Any CPU
		{5990913B-DB83-44AF-BBF4-68A7C5C800E1}.Release|Any CPU.ActiveCfg = Release|Any CPU
		{5990913B-DB83-44AF-BBF4-68A7C5C800E1}.Release|Any CPU.Build.0 = Release|Any CPU
		{B7D71F06-5287-4515-B14D-74B77B627F01}.Debug|Any CPU.ActiveCfg = Debug|Any CPU
		{B7D71F06-5287-4515-B14D-74B77B627F01}.Debug|Any CPU.Build.0 = Debug|Any CPU
		{B7D71F06-5287-4515-B14D-74B77B627F01}.Release|Any CPU.ActiveCfg = Release|Any CPU
		{B7D71F06-5287-4515-B14D-74B77B627F01}.Release|Any CPU.Build.0 = Release|Any CPU
		{06039536-150C-4113-8F47-9F05D497EFE5}.Debug|Any CPU.ActiveCfg = Debug|Any CPU
		{06039536-150C-4113-8F47-9F05D497EFE5}.Debug|Any CPU.Build.0 = Debug|Any CPU
		{06039536-150C-4113-8F47-9F05D497EFE5}.Release|Any CPU.ActiveCfg = Release|Any CPU
		{06039536-150C-4113-8F47-9F05D497EFE5}.Release|Any CPU.Build.0 = Release|Any CPU
	EndGlobalSection
	GlobalSection(SolutionProperties) = preSolution
		HideSolutionNode = FALSE
	EndGlobalSection
	GlobalSection(NestedProjects) = preSolution
		{34A1D981-5989-4003-B104-ED71B61DFE4B} = {F11E0F54-CE1A-47AA-A870-796D553B1375}
		{15477E2B-6B2F-4147-B3A1-3D34E6B4C880} = {34A1D981-5989-4003-B104-ED71B61DFE4B}
		{55D41807-3D12-4E3E-BE39-116089084F9C} = {F11E0F54-CE1A-47AA-A870-796D553B1375}
		{4ABF0124-F157-4E79-894D-130F51AF9D6A} = {55D41807-3D12-4E3E-BE39-116089084F9C}
		{014131E2-BFB1-4DA7-AEDB-F90F551E3AEE} = {937833B2-62C0-49F3-9739-EC2AF6DC3CF7}
		{761D80EB-662B-4736-B920-0AE3CD96988E} = {014131E2-BFB1-4DA7-AEDB-F90F551E3AEE}
		{3CCDBAF2-5E85-4AD0-B4EE-48E29682ED35} = {937833B2-62C0-49F3-9739-EC2AF6DC3CF7}
		{EA2FB71F-C548-4EF3-A020-A3D8B662F808} = {3CCDBAF2-5E85-4AD0-B4EE-48E29682ED35}
		{B592DC92-ACBB-4C79-BDC9-F2F329FD9D30} = {937833B2-62C0-49F3-9739-EC2AF6DC3CF7}
		{196D9249-67E0-457A-857C-AD69A1704F96} = {B592DC92-ACBB-4C79-BDC9-F2F329FD9D30}
		{1001CD33-7F76-4A6C-A7B3-66E86798620C} = {937833B2-62C0-49F3-9739-EC2AF6DC3CF7}
		{B21E1CAC-680C-4593-852A-ED1344B82F06} = {1001CD33-7F76-4A6C-A7B3-66E86798620C}
		{850125FB-C3D1-4A23-BB61-75347670EE87} = {937833B2-62C0-49F3-9739-EC2AF6DC3CF7}
		{02DD8AD3-8FC5-415C-8A7B-A935D52F7927} = {850125FB-C3D1-4A23-BB61-75347670EE87}
		{379816C8-8052-4780-8509-65545D165655} = {27098EB7-8F78-48DD-9D79-A722B1D4838C}
		{868AC39B-A19B-4C2B-96BB-65E260196A3B} = {379816C8-8052-4780-8509-65545D165655}
		{F97FCEDD-6AAA-413F-9F73-86109A89BF21} = {27098EB7-8F78-48DD-9D79-A722B1D4838C}
		{EEE45F68-4C01-451C-B199-2626F54F8092} = {F97FCEDD-6AAA-413F-9F73-86109A89BF21}
		{7114EBBE-FE81-4242-93AA-E50870E88917} = {27098EB7-8F78-48DD-9D79-A722B1D4838C}
		{EB345B92-4C54-4F62-9556-E6F6817300BB} = {7114EBBE-FE81-4242-93AA-E50870E88917}
		{E550EB77-556B-4D54-A0E8-6529503B1A7E} = {999A80C6-92D4-4E75-8B82-CF59AB1538C7}
		{85930E39-EAE2-4427-BE00-C6EC1EE26D83} = {E550EB77-556B-4D54-A0E8-6529503B1A7E}
		{AFF77DD9-CF40-4048-B531-E872F420B535} = {999A80C6-92D4-4E75-8B82-CF59AB1538C7}
		{19C5DFBE-9990-47BB-9A77-57115ADB1D4C} = {AFF77DD9-CF40-4048-B531-E872F420B535}
		{D8F3C5B0-52D6-4777-84AF-82174F09B6D0} = {999A80C6-92D4-4E75-8B82-CF59AB1538C7}
		{1EF4096C-D3CA-4556-9E32-E2800FAE0D37} = {D8F3C5B0-52D6-4777-84AF-82174F09B6D0}
		{F83CBF27-B88E-4E99-8904-749F5C30D7FA} = {999A80C6-92D4-4E75-8B82-CF59AB1538C7}
		{3FCA08CA-B912-4F53-9BC2-004BCDAB4C74} = {F83CBF27-B88E-4E99-8904-749F5C30D7FA}
		{1F10794C-0D31-4454-A71F-BCE8ACEB48C7} = {999A80C6-92D4-4E75-8B82-CF59AB1538C7}
		{BA9EE8A4-971B-4A12-AD0C-5992FED15DBB} = {1F10794C-0D31-4454-A71F-BCE8ACEB48C7}
		{62296902-76CC-480B-95FF-A78A1E5BF56B} = {27098EB7-8F78-48DD-9D79-A722B1D4838C}
		{F462D220-DB6B-4576-B817-A84EA7AB3D91} = {62296902-76CC-480B-95FF-A78A1E5BF56B}
		{D8EDAE66-6B3B-4867-9DC5-B5DAB4557CAD} = {999A80C6-92D4-4E75-8B82-CF59AB1538C7}
		{4D4C57C1-7B7B-4613-8B5F-D76D901B8691} = {D8EDAE66-6B3B-4867-9DC5-B5DAB4557CAD}
		{771A7A09-AAB7-4118-9ADF-53E83D180754} = {999A80C6-92D4-4E75-8B82-CF59AB1538C7}
		{22816198-A250-45B9-B2A3-9E1F4EBA3833} = {771A7A09-AAB7-4118-9ADF-53E83D180754}
		{B173AB29-C13F-46DC-BE2E-DCAEB706D0E2} = {999A80C6-92D4-4E75-8B82-CF59AB1538C7}
		{C8C251C5-49A4-4C99-9273-FA81E92DC1F7} = {B173AB29-C13F-46DC-BE2E-DCAEB706D0E2}
		{938D40A5-2326-4FDA-A560-39112F093246} = {999A80C6-92D4-4E75-8B82-CF59AB1538C7}
		{0110A282-30FE-4B63-8183-2C1EA9800892} = {938D40A5-2326-4FDA-A560-39112F093246}
		{2FA61A9E-0DEC-4161-BD97-EB18135B5DFF} = {999A80C6-92D4-4E75-8B82-CF59AB1538C7}
		{974C361F-2F20-443E-8A72-FBDB4A905954} = {2FA61A9E-0DEC-4161-BD97-EB18135B5DFF}
		{EC1F1A8C-2B41-479E-88B6-A648521900F5} = {999A80C6-92D4-4E75-8B82-CF59AB1538C7}
		{31FB0A77-BA55-44DB-A789-575134DCD12A} = {EC1F1A8C-2B41-479E-88B6-A648521900F5}
		{9DE7E51B-CBD2-4E39-A6D9-C238DD9DB54B} = {999A80C6-92D4-4E75-8B82-CF59AB1538C7}
		{C9054653-0663-4EA9-BEEA-7BA36C0588DF} = {9DE7E51B-CBD2-4E39-A6D9-C238DD9DB54B}
		{3A768B33-23AC-41E4-A4D1-07D1F6D4450E} = {999A80C6-92D4-4E75-8B82-CF59AB1538C7}
		{262742BF-845B-40D1-BD91-C98D5092246C} = {3A768B33-23AC-41E4-A4D1-07D1F6D4450E}
		{E82F8B8B-99EF-4C08-862E-7253FCB291E3} = {999A80C6-92D4-4E75-8B82-CF59AB1538C7}
		{48526EFF-9749-42B0-8231-8D9042A86EC2} = {E82F8B8B-99EF-4C08-862E-7253FCB291E3}
		{F2623590-E126-4026-BB06-6D3B0564EEF1} = {999A80C6-92D4-4E75-8B82-CF59AB1538C7}
		{A4771C88-E082-4A96-AE19-7B912D039787} = {F2623590-E126-4026-BB06-6D3B0564EEF1}
		{5D320FAE-C710-47DF-81C8-016817370C72} = {999A80C6-92D4-4E75-8B82-CF59AB1538C7}
		{5990913B-DB83-44AF-BBF4-68A7C5C800E1} = {5D320FAE-C710-47DF-81C8-016817370C72}
		{7122CB2A-ABD1-48D1-9E97-DB9E9D2A191D} = {999A80C6-92D4-4E75-8B82-CF59AB1538C7}
		{B7D71F06-5287-4515-B14D-74B77B627F01} = {7122CB2A-ABD1-48D1-9E97-DB9E9D2A191D}
		{06039536-150C-4113-8F47-9F05D497EFE5} = {7122CB2A-ABD1-48D1-9E97-DB9E9D2A191D}
	EndGlobalSection
	GlobalSection(ExtensibilityGlobals) = postSolution
		SolutionGuid = {11090530-FBAE-4CD3-BACE-0AC5C671F49B}
	EndGlobalSection
EndGlobal
